
Microsoft Visual Studio Solution File, Format Version 12.00
# Visual Studio Version 17
VisualStudioVersion = 17.4.33213.308
MinimumVisualStudioVersion = 10.0.40219.1
Project("{FAE04EC0-301F-11D3-BF4B-00C04F79EFBC}") = "PrivateMultipleObject v2", "PrivateMultipleObject v2\PrivateMultipleObject v2.csproj", "{378E0137-E8CC-4C18-8DA7-300AEC25AB1E}"
EndProject
Global
	GlobalSection(SolutionConfigurationPlatforms) = preSolution
		Debug|Any CPU = Debug|Any CPU
		Release|Any CPU = Release|Any CPU
	EndGlobalSection
	GlobalSection(ProjectConfigurationPlatforms) = postSolution
		{378E0137-E8CC-4C18-8DA7-300AEC25AB1E}.Debug|Any CPU.ActiveCfg = Debug|Any CPU
		{378E0137-E8CC-4C18-8DA7-300AEC25AB1E}.Debug|Any CPU.Build.0 = Debug|Any CPU
		{378E0137-E8CC-4C18-8DA7-300AEC25AB1E}.Release|Any CPU.ActiveCfg = Release|Any CPU
		{378E0137-E8CC-4C18-8DA7-300AEC25AB1E}.Release|Any CPU.Build.0 = Release|Any CPU
	EndGlobalSection
	GlobalSection(SolutionProperties) = preSolution
		HideSolutionNode = FALSE
	EndGlobalSection
	GlobalSection(ExtensibilityGlobals) = postSolution
		SolutionGuid = {200134E4-5E06-4D05-8454-214899953C65}
	EndGlobalSection
EndGlobal
